{
  "originHash" : "4c31d98a8f8151303aa27fc6c2279c706a5b68ba537578e44a5e7ea33023bc2d",
  "pins" : [
    {
      "identity" : "swift-syntax",
      "kind" : "remoteSourceControl",
      "location" : "https://github.com/swiftlang/swift-syntax",
      "state" : {
        "revision" : "f99ae8aa18f0cf0d53481901f88a0991dc3bd4a2",
        "version" : "601.0.1"
      }
    }
  ],
  "version" : 3
}
